
Microsoft Visual Studio Solution File, Format Version 12.00
# Visual Studio 15
Project("{FAE04EC0-301F-11D3-BF4B-00C04F79EFBC}") = "Assembly-CSharp", "Assembly-CSharp.csproj", "{5D1BB47F-5649-9858-4CB2-D94890958F6F}"
EndProject
Project("{FAE04EC0-301F-11D3-BF4B-00C04F79EFBC}") = "Assembly-CSharp-Editor", "Assembly-CSharp-Editor.csproj", "{3DCD779C-EB44-0AC6-4C5F-CCA7E941FF14}"
EndProject
Global
	GlobalSection(SolutionConfigurationPlatforms) = preSolution
		Debug|Any CPU = Debug|Any CPU
		Release|Any CPU = Release|Any CPU
	EndGlobalSection
	GlobalSection(ProjectConfigurationPlatforms) = postSolution
		{5D1BB47F-5649-9858-4CB2-D94890958F6F}.Debug|Any CPU.ActiveCfg = Debug|Any CPU
		{5D1BB47F-5649-9858-4CB2-D94890958F6F}.Debug|Any CPU.Build.0 = Debug|Any CPU
		{5D1BB47F-5649-9858-4CB2-D94890958F6F}.Release|Any CPU.ActiveCfg = Release|Any CPU
		{5D1BB47F-5649-9858-4CB2-D94890958F6F}.Release|Any CPU.Build.0 = Release|Any CPU
		{3DCD779C-EB44-0AC6-4C5F-CCA7E941FF14}.Debug|Any CPU.ActiveCfg = Debug|Any CPU
		{3DCD779C-EB44-0AC6-4C5F-CCA7E941FF14}.Debug|Any CPU.Build.0 = Debug|Any CPU
		{3DCD779C-EB44-0AC6-4C5F-CCA7E941FF14}.Release|Any CPU.ActiveCfg = Release|Any CPU
		{3DCD779C-EB44-0AC6-4C5F-CCA7E941FF14}.Release|Any CPU.Build.0 = Release|Any CPU
	EndGlobalSection
	GlobalSection(SolutionProperties) = preSolution
		HideSolutionNode = FALSE
	EndGlobalSection
EndGlobal
